// !$*UTF8*$!
{
	archiveVersion = 1;
	classes = {
	};
	objectVersion = 55;
	objects = {

/* Begin PBXBuildFile section */
		2453A3C82FF437AEB6B8D6B4 /* Pods_LiveFootball.framework in Frameworks */ = {isa = PBXBuildFile; fileRef = FE535DDA3C2A0B8115A6E671 /* Pods_LiveFootball.framework */; };
		7A372B53289083BB00044207 /* Matches.swift in Sources */ = {isa = PBXBuildFile; fileRef = 7A372B52289083BB00044207 /* Matches.swift */; };
		7A372B5528908ABB00044207 /* PlayerStatistic.swift in Sources */ = {isa = PBXBuildFile; fileRef = 7A372B5428908ABB00044207 /* PlayerStatistic.swift */; };
		7A372B572890905600044207 /* Prediction.swift in Sources */ = {isa = PBXBuildFile; fileRef = 7A372B562890905600044207 /* Prediction.swift */; };
		7A372B59289092E400044207 /* HeadToHead.swift in Sources */ = {isa = PBXBuildFile; fileRef = 7A372B58289092E400044207 /* HeadToHead.swift */; };
		7A372B5B2890964000044207 /* Standing.swift in Sources */ = {isa = PBXBuildFile; fileRef = 7A372B5A2890964000044207 /* Standing.swift */; };
		7A372B5D28909F7C00044207 /* Constants.swift in Sources */ = {isa = PBXBuildFile; fileRef = 7A372B5C28909F7C00044207 /* Constants.swift */; };
		7A372B612890AFA800044207 /* FixtureViewController.swift in Sources */ = {isa = PBXBuildFile; fileRef = 7A372B602890AFA800044207 /* FixtureViewController.swift */; };
		7A372B642890BE1600044207 /* FixtureViewModel.swift in Sources */ = {isa = PBXBuildFile; fileRef = 7A372B632890BE1600044207 /* FixtureViewModel.swift */; };
		7A372B6D2890C6D800044207 /* CommunicationProtocol.swift in Sources */ = {isa = PBXBuildFile; fileRef = 7A372B6C2890C6D800044207 /* CommunicationProtocol.swift */; };
		7A372B702890FA8000044207 /* FootballEntity.xcdatamodeld in Sources */ = {isa = PBXBuildFile; fileRef = 7A372B6E2890FA8000044207 /* FootballEntity.xcdatamodeld */; };
		7A372B732890FE9800044207 /* FixtureSessionDataParser.swift in Sources */ = {isa = PBXBuildFile; fileRef = 7A372B722890FE9800044207 /* FixtureSessionDataParser.swift */; };
		7A372B752891271600044207 /* CountriesSessionDataParser.swift in Sources */ = {isa = PBXBuildFile; fileRef = 7A372B742891271600044207 /* CountriesSessionDataParser.swift */; };
		7A372B7A2891359100044207 /* LeaguesSessionDataParser.swift in Sources */ = {isa = PBXBuildFile; fileRef = 7A372B792891359100044207 /* LeaguesSessionDataParser.swift */; };
		7A372B7C28913DF200044207 /* StandingsSessionDataParser.swift in Sources */ = {isa = PBXBuildFile; fileRef = 7A372B7B28913DF200044207 /* StandingsSessionDataParser.swift */; };
		7A372B7E289145F500044207 /* ReturnRangedDate.swift in Sources */ = {isa = PBXBuildFile; fileRef = 7A372B7D289145F500044207 /* ReturnRangedDate.swift */; };
		7A372B802891581200044207 /* FixtureDetailViewModel.swift in Sources */ = {isa = PBXBuildFile; fileRef = 7A372B7F2891581200044207 /* FixtureDetailViewModel.swift */; };
		7A372B822891583600044207 /* LineupSessionDataParser.swift in Sources */ = {isa = PBXBuildFile; fileRef = 7A372B812891583600044207 /* LineupSessionDataParser.swift */; };
		7A372B86289159E700044207 /* Lineups.swift in Sources */ = {isa = PBXBuildFile; fileRef = 7A372B85289159E700044207 /* Lineups.swift */; };
		7A372B88289160E100044207 /* FixtureDetailViewController.swift in Sources */ = {isa = PBXBuildFile; fileRef = 7A372B87289160E100044207 /* FixtureDetailViewController.swift */; };
		7A372B8A2891646700044207 /* Fixture.swift in Sources */ = {isa = PBXBuildFile; fileRef = 7A372B892891646700044207 /* Fixture.swift */; };
		7A372B8C28917C0300044207 /* MatchSessionDataParser.swift in Sources */ = {isa = PBXBuildFile; fileRef = 7A372B8B28917C0300044207 /* MatchSessionDataParser.swift */; };
		7A372B8E2892147B00044207 /* PredictionSessionDataParser.swift in Sources */ = {isa = PBXBuildFile; fileRef = 7A372B8D2892147B00044207 /* PredictionSessionDataParser.swift */; };
		7A372B9028921BA800044207 /* HeadToHeadSessionDataParser.swift in Sources */ = {isa = PBXBuildFile; fileRef = 7A372B8F28921BA800044207 /* HeadToHeadSessionDataParser.swift */; };
		7A372B922892221F00044207 /* PlayerViewController.swift in Sources */ = {isa = PBXBuildFile; fileRef = 7A372B912892221F00044207 /* PlayerViewController.swift */; };
		7A372B9428922F0E00044207 /* PlayerInfoViewModel.swift in Sources */ = {isa = PBXBuildFile; fileRef = 7A372B9328922F0E00044207 /* PlayerInfoViewModel.swift */; };
		7A372B9628923A5D00044207 /* PlayerSessionDataParser.swift in Sources */ = {isa = PBXBuildFile; fileRef = 7A372B9528923A5D00044207 /* PlayerSessionDataParser.swift */; };
		7A372B9828923C9C00044207 /* LeagueViewController.swift in Sources */ = {isa = PBXBuildFile; fileRef = 7A372B9728923C9C00044207 /* LeagueViewController.swift */; };
		7A372B9A289244B500044207 /* CoreDataManager.swift in Sources */ = {isa = PBXBuildFile; fileRef = 7A372B99289244B500044207 /* CoreDataManager.swift */; };
		7A372B9D28924A1600044207 /* CountryEntity+CoreDataClass.swift in Sources */ = {isa = PBXBuildFile; fileRef = 7A372B9B28924A1600044207 /* CountryEntity+CoreDataClass.swift */; };
		7A372B9E28924A1600044207 /* CountryEntity+CoreDataProperties.swift in Sources */ = {isa = PBXBuildFile; fileRef = 7A372B9C28924A1600044207 /* CountryEntity+CoreDataProperties.swift */; };
		7A372BA0289251AB00044207 /* CLLocationManager.swift in Sources */ = {isa = PBXBuildFile; fileRef = 7A372B9F289251AB00044207 /* CLLocationManager.swift */; };
		7A372BA22892533000044207 /* LeagueViewModel.swift in Sources */ = {isa = PBXBuildFile; fileRef = 7A372BA12892533000044207 /* LeagueViewModel.swift */; };
		7A372BA42892590400044207 /* TeamSessionDataParser.swift in Sources */ = {isa = PBXBuildFile; fileRef = 7A372BA32892590400044207 /* TeamSessionDataParser.swift */; };
		7A372BA628925F6D00044207 /* TeamViewController.swift in Sources */ = {isa = PBXBuildFile; fileRef = 7A372BA528925F6D00044207 /* TeamViewController.swift */; };
		7A372BA82892600600044207 /* TeamStatistic.swift in Sources */ = {isa = PBXBuildFile; fileRef = 7A372BA72892600600044207 /* TeamStatistic.swift */; };
		7A372BAA28926B2A00044207 /* WatchlistViewController.swift in Sources */ = {isa = PBXBuildFile; fileRef = 7A372BA928926B2A00044207 /* WatchlistViewController.swift */; };
		7A372BC428928DF400044207 /* SimpleFixtureTableViewCell.swift in Sources */ = {isa = PBXBuildFile; fileRef = 7A372BC328928DF400044207 /* SimpleFixtureTableViewCell.swift */; };
		7A372BC628928F9100044207 /* DateParser.swift in Sources */ = {isa = PBXBuildFile; fileRef = 7A372BC528928F9100044207 /* DateParser.swift */; };
		7A372BC82892B18F00044207 /* SquadTableViewCell.swift in Sources */ = {isa = PBXBuildFile; fileRef = 7A372BC72892B18F00044207 /* SquadTableViewCell.swift */; };
		7A372BCA2892D94E00044207 /* StandingTableViewCell.swift in Sources */ = {isa = PBXBuildFile; fileRef = 7A372BC92892D94E00044207 /* StandingTableViewCell.swift */; };
		7A6B2AB22898D1DA00E4A3B5 /* CDTransformables.swift in Sources */ = {isa = PBXBuildFile; fileRef = 7A6B2AB12898D1DA00E4A3B5 /* CDTransformables.swift */; };
		7A6B2AC6289A256500E4A3B5 /* TeamDetailViewModel.swift in Sources */ = {isa = PBXBuildFile; fileRef = 7A6B2AC5289A256500E4A3B5 /* TeamDetailViewModel.swift */; };
		7A79C33D28988FF200CF7DC1 /* README.md in Resources */ = {isa = PBXBuildFile; fileRef = 7A79C33C28988FF200CF7DC1 /* README.md */; };
		7A79DAD2288F36FA00747D6A /* AppDelegate.swift in Sources */ = {isa = PBXBuildFile; fileRef = 7A79DAD1288F36FA00747D6A /* AppDelegate.swift */; };
		7A79DAD4288F36FA00747D6A /* SceneDelegate.swift in Sources */ = {isa = PBXBuildFile; fileRef = 7A79DAD3288F36FA00747D6A /* SceneDelegate.swift */; };
		7A79DAD9288F36FA00747D6A /* Main.storyboard in Resources */ = {isa = PBXBuildFile; fileRef = 7A79DAD7288F36FA00747D6A /* Main.storyboard */; };
		7A79DADB288F36FC00747D6A /* Assets.xcassets in Resources */ = {isa = PBXBuildFile; fileRef = 7A79DADA288F36FC00747D6A /* Assets.xcassets */; };
		7A79DADE288F36FC00747D6A /* LaunchScreen.storyboard in Resources */ = {isa = PBXBuildFile; fileRef = 7A79DADC288F36FC00747D6A /* LaunchScreen.storyboard */; };
		7A79DAE7289047FC00747D6A /* Countries.swift in Sources */ = {isa = PBXBuildFile; fileRef = 7A79DAE6289047FC00747D6A /* Countries.swift */; };
		7A79DAE92890493E00747D6A /* Leagues.swift in Sources */ = {isa = PBXBuildFile; fileRef = 7A79DAE82890493E00747D6A /* Leagues.swift */; };
		7A79DAEB28904AB500747D6A /* Teams.swift in Sources */ = {isa = PBXBuildFile; fileRef = 7A79DAEA28904AB500747D6A /* Teams.swift */; };
		7A79DAED28904CB300747D6A /* Players.swift in Sources */ = {isa = PBXBuildFile; fileRef = 7A79DAEC28904CB300747D6A /* Players.swift */; };
/* End PBXBuildFile section */

/* Begin PBXFileReference section */
		1E7EA8F76A66E1ED25F8C103 /* Pods-LiveFootball.release.xcconfig */ = {isa = PBXFileReference; includeInIndex = 1; lastKnownFileType = text.xcconfig; name = "Pods-LiveFootball.release.xcconfig"; path = "Target Support Files/Pods-LiveFootball/Pods-LiveFootball.release.xcconfig"; sourceTree = "<group>"; };
		208E99C30F651CD5BC4A4EC3 /* Pods-LiveFootball.debug.xcconfig */ = {isa = PBXFileReference; includeInIndex = 1; lastKnownFileType = text.xcconfig; name = "Pods-LiveFootball.debug.xcconfig"; path = "Target Support Files/Pods-LiveFootball/Pods-LiveFootball.debug.xcconfig"; sourceTree = "<group>"; };
		7A372B52289083BB00044207 /* Matches.swift */ = {isa = PBXFileReference; lastKnownFileType = sourcecode.swift; path = Matches.swift; sourceTree = "<group>"; };
		7A372B5428908ABB00044207 /* PlayerStatistic.swift */ = {isa = PBXFileReference; lastKnownFileType = sourcecode.swift; path = PlayerStatistic.swift; sourceTree = "<group>"; };
		7A372B562890905600044207 /* Prediction.swift */ = {isa = PBXFileReference; lastKnownFileType = sourcecode.swift; path = Prediction.swift; sourceTree = "<group>"; };
		7A372B58289092E400044207 /* HeadToHead.swift */ = {isa = PBXFileReference; lastKnownFileType = sourcecode.swift; path = HeadToHead.swift; sourceTree = "<group>"; };
		7A372B5A2890964000044207 /* Standing.swift */ = {isa = PBXFileReference; lastKnownFileType = sourcecode.swift; path = Standing.swift; sourceTree = "<group>"; };
		7A372B5C28909F7C00044207 /* Constants.swift */ = {isa = PBXFileReference; lastKnownFileType = sourcecode.swift; path = Constants.swift; sourceTree = "<group>"; };
		7A372B602890AFA800044207 /* FixtureViewController.swift */ = {isa = PBXFileReference; lastKnownFileType = sourcecode.swift; path = FixtureViewController.swift; sourceTree = "<group>"; };
		7A372B632890BE1600044207 /* FixtureViewModel.swift */ = {isa = PBXFileReference; lastKnownFileType = sourcecode.swift; path = FixtureViewModel.swift; sourceTree = "<group>"; };
		7A372B6C2890C6D800044207 /* CommunicationProtocol.swift */ = {isa = PBXFileReference; lastKnownFileType = sourcecode.swift; path = CommunicationProtocol.swift; sourceTree = "<group>"; };
		7A372B6F2890FA8000044207 /* FootballEntity.xcdatamodel */ = {isa = PBXFileReference; lastKnownFileType = wrapper.xcdatamodel; path = FootballEntity.xcdatamodel; sourceTree = "<group>"; };
		7A372B722890FE9800044207 /* FixtureSessionDataParser.swift */ = {isa = PBXFileReference; lastKnownFileType = sourcecode.swift; path = FixtureSessionDataParser.swift; sourceTree = "<group>"; };
		7A372B742891271600044207 /* CountriesSessionDataParser.swift */ = {isa = PBXFileReference; lastKnownFileType = sourcecode.swift; path = CountriesSessionDataParser.swift; sourceTree = "<group>"; };
		7A372B792891359100044207 /* LeaguesSessionDataParser.swift */ = {isa = PBXFileReference; lastKnownFileType = sourcecode.swift; path = LeaguesSessionDataParser.swift; sourceTree = "<group>"; };
		7A372B7B28913DF200044207 /* StandingsSessionDataParser.swift */ = {isa = PBXFileReference; lastKnownFileType = sourcecode.swift; path = StandingsSessionDataParser.swift; sourceTree = "<group>"; };
		7A372B7D289145F500044207 /* ReturnRangedDate.swift */ = {isa = PBXFileReference; lastKnownFileType = sourcecode.swift; path = ReturnRangedDate.swift; sourceTree = "<group>"; };
		7A372B7F2891581200044207 /* FixtureDetailViewModel.swift */ = {isa = PBXFileReference; lastKnownFileType = sourcecode.swift; path = FixtureDetailViewModel.swift; sourceTree = "<group>"; };
		7A372B812891583600044207 /* LineupSessionDataParser.swift */ = {isa = PBXFileReference; lastKnownFileType = sourcecode.swift; path = LineupSessionDataParser.swift; sourceTree = "<group>"; };
		7A372B85289159E700044207 /* Lineups.swift */ = {isa = PBXFileReference; lastKnownFileType = sourcecode.swift; path = Lineups.swift; sourceTree = "<group>"; };
		7A372B87289160E100044207 /* FixtureDetailViewController.swift */ = {isa = PBXFileReference; lastKnownFileType = sourcecode.swift; path = FixtureDetailViewController.swift; sourceTree = "<group>"; };
		7A372B892891646700044207 /* Fixture.swift */ = {isa = PBXFileReference; lastKnownFileType = sourcecode.swift; path = Fixture.swift; sourceTree = "<group>"; };
		7A372B8B28917C0300044207 /* MatchSessionDataParser.swift */ = {isa = PBXFileReference; lastKnownFileType = sourcecode.swift; path = MatchSessionDataParser.swift; sourceTree = "<group>"; };
		7A372B8D2892147B00044207 /* PredictionSessionDataParser.swift */ = {isa = PBXFileReference; lastKnownFileType = sourcecode.swift; path = PredictionSessionDataParser.swift; sourceTree = "<group>"; };
		7A372B8F28921BA800044207 /* HeadToHeadSessionDataParser.swift */ = {isa = PBXFileReference; lastKnownFileType = sourcecode.swift; path = HeadToHeadSessionDataParser.swift; sourceTree = "<group>"; };
		7A372B912892221F00044207 /* PlayerViewController.swift */ = {isa = PBXFileReference; lastKnownFileType = sourcecode.swift; path = PlayerViewController.swift; sourceTree = "<group>"; };
		7A372B9328922F0E00044207 /* PlayerInfoViewModel.swift */ = {isa = PBXFileReference; lastKnownFileType = sourcecode.swift; path = PlayerInfoViewModel.swift; sourceTree = "<group>"; };
		7A372B9528923A5D00044207 /* PlayerSessionDataParser.swift */ = {isa = PBXFileReference; lastKnownFileType = sourcecode.swift; path = PlayerSessionDataParser.swift; sourceTree = "<group>"; };
		7A372B9728923C9C00044207 /* LeagueViewController.swift */ = {isa = PBXFileReference; lastKnownFileType = sourcecode.swift; path = LeagueViewController.swift; sourceTree = "<group>"; };
		7A372B99289244B500044207 /* CoreDataManager.swift */ = {isa = PBXFileReference; lastKnownFileType = sourcecode.swift; path = CoreDataManager.swift; sourceTree = "<group>"; };
		7A372B9B28924A1600044207 /* CountryEntity+CoreDataClass.swift */ = {isa = PBXFileReference; lastKnownFileType = sourcecode.swift; path = "CountryEntity+CoreDataClass.swift"; sourceTree = "<group>"; };
		7A372B9C28924A1600044207 /* CountryEntity+CoreDataProperties.swift */ = {isa = PBXFileReference; lastKnownFileType = sourcecode.swift; path = "CountryEntity+CoreDataProperties.swift"; sourceTree = "<group>"; };
		7A372B9F289251AB00044207 /* CLLocationManager.swift */ = {isa = PBXFileReference; lastKnownFileType = sourcecode.swift; path = CLLocationManager.swift; sourceTree = "<group>"; };
		7A372BA12892533000044207 /* LeagueViewModel.swift */ = {isa = PBXFileReference; lastKnownFileType = sourcecode.swift; path = LeagueViewModel.swift; sourceTree = "<group>"; };
		7A372BA32892590400044207 /* TeamSessionDataParser.swift */ = {isa = PBXFileReference; lastKnownFileType = sourcecode.swift; path = TeamSessionDataParser.swift; sourceTree = "<group>"; };
		7A372BA528925F6D00044207 /* TeamViewController.swift */ = {isa = PBXFileReference; lastKnownFileType = sourcecode.swift; path = TeamViewController.swift; sourceTree = "<group>"; };
		7A372BA72892600600044207 /* TeamStatistic.swift */ = {isa = PBXFileReference; lastKnownFileType = sourcecode.swift; path = TeamStatistic.swift; sourceTree = "<group>"; };
		7A372BA928926B2A00044207 /* WatchlistViewController.swift */ = {isa = PBXFileReference; lastKnownFileType = sourcecode.swift; path = WatchlistViewController.swift; sourceTree = "<group>"; };
		7A372BC328928DF400044207 /* SimpleFixtureTableViewCell.swift */ = {isa = PBXFileReference; lastKnownFileType = sourcecode.swift; path = SimpleFixtureTableViewCell.swift; sourceTree = "<group>"; };
		7A372BC528928F9100044207 /* DateParser.swift */ = {isa = PBXFileReference; lastKnownFileType = sourcecode.swift; path = DateParser.swift; sourceTree = "<group>"; };
		7A372BC72892B18F00044207 /* SquadTableViewCell.swift */ = {isa = PBXFileReference; lastKnownFileType = sourcecode.swift; path = SquadTableViewCell.swift; sourceTree = "<group>"; };
		7A372BC92892D94E00044207 /* StandingTableViewCell.swift */ = {isa = PBXFileReference; lastKnownFileType = sourcecode.swift; path = StandingTableViewCell.swift; sourceTree = "<group>"; };
		7A6B2AB12898D1DA00E4A3B5 /* CDTransformables.swift */ = {isa = PBXFileReference; lastKnownFileType = sourcecode.swift; path = CDTransformables.swift; sourceTree = "<group>"; };
		7A6B2AC5289A256500E4A3B5 /* TeamDetailViewModel.swift */ = {isa = PBXFileReference; lastKnownFileType = sourcecode.swift; path = TeamDetailViewModel.swift; sourceTree = "<group>"; };
		7A79C33C28988FF200CF7DC1 /* README.md */ = {isa = PBXFileReference; fileEncoding = 4; lastKnownFileType = net.daringfireball.markdown; path = README.md; sourceTree = "<group>"; };
		7A79DACE288F36FA00747D6A /* LiveFootball.app */ = {isa = PBXFileReference; explicitFileType = wrapper.application; includeInIndex = 0; path = LiveFootball.app; sourceTree = BUILT_PRODUCTS_DIR; };
		7A79DAD1288F36FA00747D6A /* AppDelegate.swift */ = {isa = PBXFileReference; lastKnownFileType = sourcecode.swift; path = AppDelegate.swift; sourceTree = "<group>"; };
		7A79DAD3288F36FA00747D6A /* SceneDelegate.swift */ = {isa = PBXFileReference; lastKnownFileType = sourcecode.swift; path = SceneDelegate.swift; sourceTree = "<group>"; };
		7A79DAD8288F36FA00747D6A /* Base */ = {isa = PBXFileReference; lastKnownFileType = file.storyboard; name = Base; path = Base.lproj/Main.storyboard; sourceTree = "<group>"; };
		7A79DADA288F36FC00747D6A /* Assets.xcassets */ = {isa = PBXFileReference; lastKnownFileType = folder.assetcatalog; path = Assets.xcassets; sourceTree = "<group>"; };
		7A79DADD288F36FC00747D6A /* Base */ = {isa = PBXFileReference; lastKnownFileType = file.storyboard; name = Base; path = Base.lproj/LaunchScreen.storyboard; sourceTree = "<group>"; };
		7A79DADF288F36FC00747D6A /* Info.plist */ = {isa = PBXFileReference; lastKnownFileType = text.plist.xml; path = Info.plist; sourceTree = "<group>"; };
		7A79DAE6289047FC00747D6A /* Countries.swift */ = {isa = PBXFileReference; lastKnownFileType = sourcecode.swift; path = Countries.swift; sourceTree = "<group>"; };
		7A79DAE82890493E00747D6A /* Leagues.swift */ = {isa = PBXFileReference; lastKnownFileType = sourcecode.swift; path = Leagues.swift; sourceTree = "<group>"; };
		7A79DAEA28904AB500747D6A /* Teams.swift */ = {isa = PBXFileReference; lastKnownFileType = sourcecode.swift; path = Teams.swift; sourceTree = "<group>"; };
		7A79DAEC28904CB300747D6A /* Players.swift */ = {isa = PBXFileReference; lastKnownFileType = sourcecode.swift; path = Players.swift; sourceTree = "<group>"; };
		FE535DDA3C2A0B8115A6E671 /* Pods_LiveFootball.framework */ = {isa = PBXFileReference; explicitFileType = wrapper.framework; includeInIndex = 0; path = Pods_LiveFootball.framework; sourceTree = BUILT_PRODUCTS_DIR; };
/* End PBXFileReference section */

/* Begin PBXFrameworksBuildPhase section */
		7A79DACB288F36FA00747D6A /* Frameworks */ = {
			isa = PBXFrameworksBuildPhase;
			buildActionMask = 2147483647;
			files = (
				2453A3C82FF437AEB6B8D6B4 /* Pods_LiveFootball.framework in Frameworks */,
			);
			runOnlyForDeploymentPostprocessing = 0;
		};
/* End PBXFrameworksBuildPhase section */

/* Begin PBXGroup section */
		2CA34C25985F6576C9596E4D /* Frameworks */ = {
			isa = PBXGroup;
			children = (
				FE535DDA3C2A0B8115A6E671 /* Pods_LiveFootball.framework */,
			);
			name = Frameworks;
			sourceTree = "<group>";
		};
		51828E16231DA22B211FA5F1 /* Pods */ = {
			isa = PBXGroup;
			children = (
				208E99C30F651CD5BC4A4EC3 /* Pods-LiveFootball.debug.xcconfig */,
				1E7EA8F76A66E1ED25F8C103 /* Pods-LiveFootball.release.xcconfig */,
			);
			name = Pods;
			path = Pods;
			sourceTree = "<group>";
		};
		7A372B5E2890AD6200044207 /* Utility */ = {
			isa = PBXGroup;
			children = (
				7A372B5C28909F7C00044207 /* Constants.swift */,
				7A372B7D289145F500044207 /* ReturnRangedDate.swift */,
				7A372B99289244B500044207 /* CoreDataManager.swift */,
				7A372B9F289251AB00044207 /* CLLocationManager.swift */,
				7A372BC528928F9100044207 /* DateParser.swift */,
			);
			path = Utility;
			sourceTree = "<group>";
		};
		7A372B5F2890AE6A00044207 /* View */ = {
			isa = PBXGroup;
			children = (
				7A372B602890AFA800044207 /* FixtureViewController.swift */,
				7A372B87289160E100044207 /* FixtureDetailViewController.swift */,
				7A372B912892221F00044207 /* PlayerViewController.swift */,
				7A372B9728923C9C00044207 /* LeagueViewController.swift */,
				7A372BA528925F6D00044207 /* TeamViewController.swift */,
				7A372BA928926B2A00044207 /* WatchlistViewController.swift */,
				7A372BC328928DF400044207 /* SimpleFixtureTableViewCell.swift */,
				7A372BC72892B18F00044207 /* SquadTableViewCell.swift */,
				7A372BC92892D94E00044207 /* StandingTableViewCell.swift */,
			);
			path = View;
			sourceTree = "<group>";
		};
		7A372B622890BE0100044207 /* ViewModel */ = {
			isa = PBXGroup;
			children = (
				7A372B632890BE1600044207 /* FixtureViewModel.swift */,
				7A372B7F2891581200044207 /* FixtureDetailViewModel.swift */,
				7A372B9328922F0E00044207 /* PlayerInfoViewModel.swift */,
				7A372BA12892533000044207 /* LeagueViewModel.swift */,
				7A6B2AC5289A256500E4A3B5 /* TeamDetailViewModel.swift */,
			);
			path = ViewModel;
			sourceTree = "<group>";
		};
		7A372B672890BE4800044207 /* Delegate */ = {
			isa = PBXGroup;
			children = (
				7A372B6C2890C6D800044207 /* CommunicationProtocol.swift */,
			);
			path = Delegate;
			sourceTree = "<group>";
		};
		7A372B712890FE6500044207 /* SessionDataParser */ = {
			isa = PBXGroup;
			children = (
				7A372B722890FE9800044207 /* FixtureSessionDataParser.swift */,
				7A372B742891271600044207 /* CountriesSessionDataParser.swift */,
				7A372B792891359100044207 /* LeaguesSessionDataParser.swift */,
				7A372B7B28913DF200044207 /* StandingsSessionDataParser.swift */,
				7A372B812891583600044207 /* LineupSessionDataParser.swift */,
				7A372B8B28917C0300044207 /* MatchSessionDataParser.swift */,
				7A372B8D2892147B00044207 /* PredictionSessionDataParser.swift */,
				7A372B8F28921BA800044207 /* HeadToHeadSessionDataParser.swift */,
				7A372B9528923A5D00044207 /* PlayerSessionDataParser.swift */,
				7A372BA32892590400044207 /* TeamSessionDataParser.swift */,
			);
			path = SessionDataParser;
			sourceTree = "<group>";
		};
		7A79DAC5288F36FA00747D6A = {
			isa = PBXGroup;
			children = (
				7A372B9B28924A1600044207 /* CountryEntity+CoreDataClass.swift */,
				7A372B9C28924A1600044207 /* CountryEntity+CoreDataProperties.swift */,
				7A79C33C28988FF200CF7DC1 /* README.md */,
				7A79DAD0288F36FA00747D6A /* LiveFootball */,
				7A79DACF288F36FA00747D6A /* Products */,
				51828E16231DA22B211FA5F1 /* Pods */,
				2CA34C25985F6576C9596E4D /* Frameworks */,
			);
			sourceTree = "<group>";
		};
		7A79DACF288F36FA00747D6A /* Products */ = {
			isa = PBXGroup;
			children = (
				7A79DACE288F36FA00747D6A /* LiveFootball.app */,
			);
			name = Products;
			sourceTree = "<group>";
		};
		7A79DAD0288F36FA00747D6A /* LiveFootball */ = {
			isa = PBXGroup;
			children = (
				7A372B712890FE6500044207 /* SessionDataParser */,
				7A372B672890BE4800044207 /* Delegate */,
				7A372B622890BE0100044207 /* ViewModel */,
				7A372B5F2890AE6A00044207 /* View */,
				7A372B5E2890AD6200044207 /* Utility */,
				7A79DAE5289047DA00747D6A /* DataModel */,
				7A79DAD1288F36FA00747D6A /* AppDelegate.swift */,
				7A79DAD3288F36FA00747D6A /* SceneDelegate.swift */,
				7A79DAD7288F36FA00747D6A /* Main.storyboard */,
				7A79DADA288F36FC00747D6A /* Assets.xcassets */,
				7A79DADC288F36FC00747D6A /* LaunchScreen.storyboard */,
				7A79DADF288F36FC00747D6A /* Info.plist */,
				7A372B6E2890FA8000044207 /* FootballEntity.xcdatamodeld */,
			);
			path = LiveFootball;
			sourceTree = "<group>";
		};
		7A79DAE5289047DA00747D6A /* DataModel */ = {
			isa = PBXGroup;
			children = (
				7A79DAE6289047FC00747D6A /* Countries.swift */,
				7A79DAE82890493E00747D6A /* Leagues.swift */,
				7A79DAEA28904AB500747D6A /* Teams.swift */,
				7A79DAEC28904CB300747D6A /* Players.swift */,
				7A372B52289083BB00044207 /* Matches.swift */,
				7A372B5428908ABB00044207 /* PlayerStatistic.swift */,
				7A372B562890905600044207 /* Prediction.swift */,
				7A372B58289092E400044207 /* HeadToHead.swift */,
				7A372B5A2890964000044207 /* Standing.swift */,
				7A372B85289159E700044207 /* Lineups.swift */,
				7A372B892891646700044207 /* Fixture.swift */,
				7A372BA72892600600044207 /* TeamStatistic.swift */,
				7A6B2AB12898D1DA00E4A3B5 /* CDTransformables.swift */,
			);
			path = DataModel;
			sourceTree = "<group>";
		};
/* End PBXGroup section */

/* Begin PBXNativeTarget section */
		7A79DACD288F36FA00747D6A /* LiveFootball */ = {
			isa = PBXNativeTarget;
			buildConfigurationList = 7A79DAE2288F36FC00747D6A /* Build configuration list for PBXNativeTarget "LiveFootball" */;
			buildPhases = (
				9A8B95CE17DDEEDB2186AC4A /* [CP] Check Pods Manifest.lock */,
				7A79DACA288F36FA00747D6A /* Sources */,
				7A79DACB288F36FA00747D6A /* Frameworks */,
				7A79DACC288F36FA00747D6A /* Resources */,
				0E32F9DE87A8061C4306E6F3 /* [CP] Embed Pods Frameworks */,
			);
			buildRules = (
			);
			dependencies = (
			);
			name = LiveFootball;
			productName = LiveFootball;
			productReference = 7A79DACE288F36FA00747D6A /* LiveFootball.app */;
			productType = "com.apple.product-type.application";
		};
/* End PBXNativeTarget section */

/* Begin PBXProject section */
		7A79DAC6288F36FA00747D6A /* Project object */ = {
			isa = PBXProject;
			attributes = {
				BuildIndependentTargetsInParallel = 1;
				LastSwiftUpdateCheck = 1340;
				LastUpgradeCheck = 1340;
				TargetAttributes = {
					7A79DACD288F36FA00747D6A = {
						CreatedOnToolsVersion = 13.4.1;
					};
				};
			};
			buildConfigurationList = 7A79DAC9288F36FA00747D6A /* Build configuration list for PBXProject "LiveFootball" */;
			compatibilityVersion = "Xcode 13.0";
			developmentRegion = en;
			hasScannedForEncodings = 0;
			knownRegions = (
				en,
				Base,
			);
			mainGroup = 7A79DAC5288F36FA00747D6A;
			productRefGroup = 7A79DACF288F36FA00747D6A /* Products */;
			projectDirPath = "";
			projectRoot = "";
			targets = (
				7A79DACD288F36FA00747D6A /* LiveFootball */,
			);
		};
/* End PBXProject section */

/* Begin PBXResourcesBuildPhase section */
		7A79DACC288F36FA00747D6A /* Resources */ = {
			isa = PBXResourcesBuildPhase;
			buildActionMask = 2147483647;
			files = (
				7A79DADE288F36FC00747D6A /* LaunchScreen.storyboard in Resources */,
				7A79DADB288F36FC00747D6A /* Assets.xcassets in Resources */,
				7A79C33D28988FF200CF7DC1 /* README.md in Resources */,
				7A79DAD9288F36FA00747D6A /* Main.storyboard in Resources */,
			);
			runOnlyForDeploymentPostprocessing = 0;
		};
/* End PBXResourcesBuildPhase section */

/* Begin PBXShellScriptBuildPhase section */
		0E32F9DE87A8061C4306E6F3 /* [CP] Embed Pods Frameworks */ = {
			isa = PBXShellScriptBuildPhase;
			buildActionMask = 2147483647;
			files = (
			);
			inputFileListPaths = (
				"${PODS_ROOT}/Target Support Files/Pods-LiveFootball/Pods-LiveFootball-frameworks-${CONFIGURATION}-input-files.xcfilelist",
			);
			name = "[CP] Embed Pods Frameworks";
			outputFileListPaths = (
				"${PODS_ROOT}/Target Support Files/Pods-LiveFootball/Pods-LiveFootball-frameworks-${CONFIGURATION}-output-files.xcfilelist",
			);
			runOnlyForDeploymentPostprocessing = 0;
			shellPath = /bin/sh;
			shellScript = "\"${PODS_ROOT}/Target Support Files/Pods-LiveFootball/Pods-LiveFootball-frameworks.sh\"\n";
			showEnvVarsInLog = 0;
		};
		9A8B95CE17DDEEDB2186AC4A /* [CP] Check Pods Manifest.lock */ = {
			isa = PBXShellScriptBuildPhase;
			buildActionMask = 2147483647;
			files = (
			);
			inputFileListPaths = (
			);
			inputPaths = (
				"${PODS_PODFILE_DIR_PATH}/Podfile.lock",
				"${PODS_ROOT}/Manifest.lock",
			);
			name = "[CP] Check Pods Manifest.lock";
			outputFileListPaths = (
			);
			outputPaths = (
				"$(DERIVED_FILE_DIR)/Pods-LiveFootball-checkManifestLockResult.txt",
			);
			runOnlyForDeploymentPostprocessing = 0;
			shellPath = /bin/sh;
			shellScript = "diff \"${PODS_PODFILE_DIR_PATH}/Podfile.lock\" \"${PODS_ROOT}/Manifest.lock\" > /dev/null\nif [ $? != 0 ] ; then\n    # print error to STDERR\n    echo \"error: The sandbox is not in sync with the Podfile.lock. Run 'pod install' or update your CocoaPods installation.\" >&2\n    exit 1\nfi\n# This output is used by Xcode 'outputs' to avoid re-running this script phase.\necho \"SUCCESS\" > \"${SCRIPT_OUTPUT_FILE_0}\"\n";
			showEnvVarsInLog = 0;
		};
/* End PBXShellScriptBuildPhase section */

/* Begin PBXSourcesBuildPhase section */
		7A79DACA288F36FA00747D6A /* Sources */ = {
			isa = PBXSourcesBuildPhase;
			buildActionMask = 2147483647;
			files = (
				7A372B5528908ABB00044207 /* PlayerStatistic.swift in Sources */,
				7A372B9828923C9C00044207 /* LeagueViewController.swift in Sources */,
				7A79DAEB28904AB500747D6A /* Teams.swift in Sources */,
				7A372BC82892B18F00044207 /* SquadTableViewCell.swift in Sources */,
				7A372B59289092E400044207 /* HeadToHead.swift in Sources */,
				7A372B9A289244B500044207 /* CoreDataManager.swift in Sources */,
				7A372BC628928F9100044207 /* DateParser.swift in Sources */,
				7A79DAD2288F36FA00747D6A /* AppDelegate.swift in Sources */,
				7A372B8E2892147B00044207 /* PredictionSessionDataParser.swift in Sources */,
				7A372B88289160E100044207 /* FixtureDetailViewController.swift in Sources */,
				7A6B2AC6289A256500E4A3B5 /* TeamDetailViewModel.swift in Sources */,
				7A79DAED28904CB300747D6A /* Players.swift in Sources */,
				7A372BA628925F6D00044207 /* TeamViewController.swift in Sources */,
				7A79DAE7289047FC00747D6A /* Countries.swift in Sources */,
				7A372B9428922F0E00044207 /* PlayerInfoViewModel.swift in Sources */,
				7A372B5D28909F7C00044207 /* Constants.swift in Sources */,
				7A372B86289159E700044207 /* Lineups.swift in Sources */,
				7A372B822891583600044207 /* LineupSessionDataParser.swift in Sources */,
				7A372B9D28924A1600044207 /* CountryEntity+CoreDataClass.swift in Sources */,
				7A372B642890BE1600044207 /* FixtureViewModel.swift in Sources */,
				7A372B8C28917C0300044207 /* MatchSessionDataParser.swift in Sources */,
				7A372B732890FE9800044207 /* FixtureSessionDataParser.swift in Sources */,
				7A372B752891271600044207 /* CountriesSessionDataParser.swift in Sources */,
				7A372B9628923A5D00044207 /* PlayerSessionDataParser.swift in Sources */,
				7A372B8A2891646700044207 /* Fixture.swift in Sources */,
				7A372B702890FA8000044207 /* FootballEntity.xcdatamodeld in Sources */,
				7A372B53289083BB00044207 /* Matches.swift in Sources */,
				7A372BAA28926B2A00044207 /* WatchlistViewController.swift in Sources */,
				7A372BCA2892D94E00044207 /* StandingTableViewCell.swift in Sources */,
				7A372BC428928DF400044207 /* SimpleFixtureTableViewCell.swift in Sources */,
				7A372BA0289251AB00044207 /* CLLocationManager.swift in Sources */,
				7A372BA82892600600044207 /* TeamStatistic.swift in Sources */,
				7A6B2AB22898D1DA00E4A3B5 /* CDTransformables.swift in Sources */,
				7A372B9028921BA800044207 /* HeadToHeadSessionDataParser.swift in Sources */,
				7A372B612890AFA800044207 /* FixtureViewController.swift in Sources */,
				7A372B7A2891359100044207 /* LeaguesSessionDataParser.swift in Sources */,
				7A79DAD4288F36FA00747D6A /* SceneDelegate.swift in Sources */,
				7A372B6D2890C6D800044207 /* CommunicationProtocol.swift in Sources */,
				7A372B5B2890964000044207 /* Standing.swift in Sources */,
				7A372BA42892590400044207 /* TeamSessionDataParser.swift in Sources */,
				7A372B9E28924A1600044207 /* CountryEntity+CoreDataProperties.swift in Sources */,
				7A372B572890905600044207 /* Prediction.swift in Sources */,
				7A372B802891581200044207 /* FixtureDetailViewModel.swift in Sources */,
				7A372B7C28913DF200044207 /* StandingsSessionDataParser.swift in Sources */,
				7A372B7E289145F500044207 /* ReturnRangedDate.swift in Sources */,
				7A79DAE92890493E00747D6A /* Leagues.swift in Sources */,
				7A372B922892221F00044207 /* PlayerViewController.swift in Sources */,
				7A372BA22892533000044207 /* LeagueViewModel.swift in Sources */,
			);
			runOnlyForDeploymentPostprocessing = 0;
		};
/* End PBXSourcesBuildPhase section */

/* Begin PBXVariantGroup section */
		7A79DAD7288F36FA00747D6A /* Main.storyboard */ = {
			isa = PBXVariantGroup;
			children = (
				7A79DAD8288F36FA00747D6A /* Base */,
			);
			name = Main.storyboard;
			sourceTree = "<group>";
		};
		7A79DADC288F36FC00747D6A /* LaunchScreen.storyboard */ = {
			isa = PBXVariantGroup;
			children = (
				7A79DADD288F36FC00747D6A /* Base */,
			);
			name = LaunchScreen.storyboard;
			sourceTree = "<group>";
		};
/* End PBXVariantGroup section */

/* Begin XCBuildConfiguration section */
		7A79DAE0288F36FC00747D6A /* Debug */ = {
			isa = XCBuildConfiguration;
			buildSettings = {
				ALWAYS_SEARCH_USER_PATHS = NO;
				CLANG_ANALYZER_NONNULL = YES;
				CLANG_ANALYZER_NUMBER_OBJECT_CONVERSION = YES_AGGRESSIVE;
				CLANG_CXX_LANGUAGE_STANDARD = "gnu++17";
				CLANG_ENABLE_MODULES = YES;
				CLANG_ENABLE_OBJC_ARC = YES;
				CLANG_ENABLE_OBJC_WEAK = YES;
				CLANG_WARN_BLOCK_CAPTURE_AUTORELEASING = YES;
				CLANG_WARN_BOOL_CONVERSION = YES;
				CLANG_WARN_COMMA = YES;
				CLANG_WARN_CONSTANT_CONVERSION = YES;
				CLANG_WARN_DEPRECATED_OBJC_IMPLEMENTATIONS = YES;
				CLANG_WARN_DIRECT_OBJC_ISA_USAGE = YES_ERROR;
				CLANG_WARN_DOCUMENTATION_COMMENTS = YES;
				CLANG_WARN_EMPTY_BODY = YES;
				CLANG_WARN_ENUM_CONVERSION = YES;
				CLANG_WARN_INFINITE_RECURSION = YES;
				CLANG_WARN_INT_CONVERSION = YES;
				CLANG_WARN_NON_LITERAL_NULL_CONVERSION = YES;
				CLANG_WARN_OBJC_IMPLICIT_RETAIN_SELF = YES;
				CLANG_WARN_OBJC_LITERAL_CONVERSION = YES;
				CLANG_WARN_OBJC_ROOT_CLASS = YES_ERROR;
				CLANG_WARN_QUOTED_INCLUDE_IN_FRAMEWORK_HEADER = YES;
				CLANG_WARN_RANGE_LOOP_ANALYSIS = YES;
				CLANG_WARN_STRICT_PROTOTYPES = YES;
				CLANG_WARN_SUSPICIOUS_MOVE = YES;
				CLANG_WARN_UNGUARDED_AVAILABILITY = YES_AGGRESSIVE;
				CLANG_WARN_UNREACHABLE_CODE = YES;
				CLANG_WARN__DUPLICATE_METHOD_MATCH = YES;
				COPY_PHASE_STRIP = NO;
				DEBUG_INFORMATION_FORMAT = dwarf;
				ENABLE_STRICT_OBJC_MSGSEND = YES;
				ENABLE_TESTABILITY = YES;
				GCC_C_LANGUAGE_STANDARD = gnu11;
				GCC_DYNAMIC_NO_PIC = NO;
				GCC_NO_COMMON_BLOCKS = YES;
				GCC_OPTIMIZATION_LEVEL = 0;
				GCC_PREPROCESSOR_DEFINITIONS = (
					"DEBUG=1",
					"$(inherited)",
				);
				GCC_WARN_64_TO_32_BIT_CONVERSION = YES;
				GCC_WARN_ABOUT_RETURN_TYPE = YES_ERROR;
				GCC_WARN_UNDECLARED_SELECTOR = YES;
				GCC_WARN_UNINITIALIZED_AUTOS = YES_AGGRESSIVE;
				GCC_WARN_UNUSED_FUNCTION = YES;
				GCC_WARN_UNUSED_VARIABLE = YES;
				IPHONEOS_DEPLOYMENT_TARGET = 15.5;
				MTL_ENABLE_DEBUG_INFO = INCLUDE_SOURCE;
				MTL_FAST_MATH = YES;
				ONLY_ACTIVE_ARCH = YES;
				SDKROOT = iphoneos;
				SWIFT_ACTIVE_COMPILATION_CONDITIONS = DEBUG;
				SWIFT_OPTIMIZATION_LEVEL = "-Onone";
			};
			name = Debug;
		};
		7A79DAE1288F36FC00747D6A /* Release */ = {
			isa = XCBuildConfiguration;
			buildSettings = {
				ALWAYS_SEARCH_USER_PATHS = NO;
				CLANG_ANALYZER_NONNULL = YES;
				CLANG_ANALYZER_NUMBER_OBJECT_CONVERSION = YES_AGGRESSIVE;
				CLANG_CXX_LANGUAGE_STANDARD = "gnu++17";
				CLANG_ENABLE_MODULES = YES;
				CLANG_ENABLE_OBJC_ARC = YES;
				CLANG_ENABLE_OBJC_WEAK = YES;
				CLANG_WARN_BLOCK_CAPTURE_AUTORELEASING = YES;
				CLANG_WARN_BOOL_CONVERSION = YES;
				CLANG_WARN_COMMA = YES;
				CLANG_WARN_CONSTANT_CONVERSION = YES;
				CLANG_WARN_DEPRECATED_OBJC_IMPLEMENTATIONS = YES;
				CLANG_WARN_DIRECT_OBJC_ISA_USAGE = YES_ERROR;
				CLANG_WARN_DOCUMENTATION_COMMENTS = YES;
				CLANG_WARN_EMPTY_BODY = YES;
				CLANG_WARN_ENUM_CONVERSION = YES;
				CLANG_WARN_INFINITE_RECURSION = YES;
				CLANG_WARN_INT_CONVERSION = YES;
				CLANG_WARN_NON_LITERAL_NULL_CONVERSION = YES;
				CLANG_WARN_OBJC_IMPLICIT_RETAIN_SELF = YES;
				CLANG_WARN_OBJC_LITERAL_CONVERSION = YES;
				CLANG_WARN_OBJC_ROOT_CLASS = YES_ERROR;
				CLANG_WARN_QUOTED_INCLUDE_IN_FRAMEWORK_HEADER = YES;
				CLANG_WARN_RANGE_LOOP_ANALYSIS = YES;
				CLANG_WARN_STRICT_PROTOTYPES = YES;
				CLANG_WARN_SUSPICIOUS_MOVE = YES;
				CLANG_WARN_UNGUARDED_AVAILABILITY = YES_AGGRESSIVE;
				CLANG_WARN_UNREACHABLE_CODE = YES;
				CLANG_WARN__DUPLICATE_METHOD_MATCH = YES;
				COPY_PHASE_STRIP = NO;
				DEBUG_INFORMATION_FORMAT = "dwarf-with-dsym";
				ENABLE_NS_ASSERTIONS = NO;
				ENABLE_STRICT_OBJC_MSGSEND = YES;
				GCC_C_LANGUAGE_STANDARD = gnu11;
				GCC_NO_COMMON_BLOCKS = YES;
				GCC_WARN_64_TO_32_BIT_CONVERSION = YES;
				GCC_WARN_ABOUT_RETURN_TYPE = YES_ERROR;
				GCC_WARN_UNDECLARED_SELECTOR = YES;
				GCC_WARN_UNINITIALIZED_AUTOS = YES_AGGRESSIVE;
				GCC_WARN_UNUSED_FUNCTION = YES;
				GCC_WARN_UNUSED_VARIABLE = YES;
				IPHONEOS_DEPLOYMENT_TARGET = 15.5;
				MTL_ENABLE_DEBUG_INFO = NO;
				MTL_FAST_MATH = YES;
				SDKROOT = iphoneos;
				SWIFT_COMPILATION_MODE = wholemodule;
				SWIFT_OPTIMIZATION_LEVEL = "-O";
				VALIDATE_PRODUCT = YES;
			};
			name = Release;
		};
		7A79DAE3288F36FC00747D6A /* Debug */ = {
			isa = XCBuildConfiguration;
			baseConfigurationReference = 208E99C30F651CD5BC4A4EC3 /* Pods-LiveFootball.debug.xcconfig */;
			buildSettings = {
				ASSETCATALOG_COMPILER_APPICON_NAME = AppIcon;
				ASSETCATALOG_COMPILER_GLOBAL_ACCENT_COLOR_NAME = AccentColor;
				CODE_SIGN_STYLE = Automatic;
				CURRENT_PROJECT_VERSION = 1;
				GENERATE_INFOPLIST_FILE = YES;
				INFOPLIST_FILE = LiveFootball/Info.plist;
				INFOPLIST_KEY_UIApplicationSupportsIndirectInputEvents = YES;
				INFOPLIST_KEY_UILaunchStoryboardName = LaunchScreen;
				INFOPLIST_KEY_UIMainStoryboardFile = Main;
				INFOPLIST_KEY_UISupportedInterfaceOrientations_iPad = "UIInterfaceOrientationPortrait UIInterfaceOrientationPortraitUpsideDown UIInterfaceOrientationLandscapeLeft UIInterfaceOrientationLandscapeRight";
				INFOPLIST_KEY_UISupportedInterfaceOrientations_iPhone = "UIInterfaceOrientationPortrait UIInterfaceOrientationLandscapeLeft UIInterfaceOrientationLandscapeRight";
				LD_RUNPATH_SEARCH_PATHS = (
					"$(inherited)",
					"@executable_path/Frameworks",
				);
				MARKETING_VERSION = 1.0;
				PRODUCT_BUNDLE_IDENTIFIER = com.jeonghoon.LiveFootball;
				PRODUCT_NAME = "$(TARGET_NAME)";
				SWIFT_EMIT_LOC_STRINGS = YES;
				SWIFT_VERSION = 5.0;
				TARGETED_DEVICE_FAMILY = "1,2";
			};
			name = Debug;
		};
		7A79DAE4288F36FC00747D6A /* Release */ = {
			isa = XCBuildConfiguration;
			baseConfigurationReference = 1E7EA8F76A66E1ED25F8C103 /* Pods-LiveFootball.release.xcconfig */;
			buildSettings = {
				ASSETCATALOG_COMPILER_APPICON_NAME = AppIcon;
				ASSETCATALOG_COMPILER_GLOBAL_ACCENT_COLOR_NAME = AccentColor;
				CODE_SIGN_STYLE = Automatic;
				CURRENT_PROJECT_VERSION = 1;
				GENERATE_INFOPLIST_FILE = YES;
				INFOPLIST_FILE = LiveFootball/Info.plist;
				INFOPLIST_KEY_UIApplicationSupportsIndirectInputEvents = YES;
				INFOPLIST_KEY_UILaunchStoryboardName = LaunchScreen;
				INFOPLIST_KEY_UIMainStoryboardFile = Main;
				INFOPLIST_KEY_UISupportedInterfaceOrientations_iPad = "UIInterfaceOrientationPortrait UIInterfaceOrientationPortraitUpsideDown UIInterfaceOrientationLandscapeLeft UIInterfaceOrientationLandscapeRight";
				INFOPLIST_KEY_UISupportedInterfaceOrientations_iPhone = "UIInterfaceOrientationPortrait UIInterfaceOrientationLandscapeLeft UIInterfaceOrientationLandscapeRight";
				LD_RUNPATH_SEARCH_PATHS = (
					"$(inherited)",
					"@executable_path/Frameworks",
				);
				MARKETING_VERSION = 1.0;
				PRODUCT_BUNDLE_IDENTIFIER = com.jeonghoon.LiveFootball;
				PRODUCT_NAME = "$(TARGET_NAME)";
				SWIFT_EMIT_LOC_STRINGS = YES;
				SWIFT_VERSION = 5.0;
				TARGETED_DEVICE_FAMILY = "1,2";
			};
			name = Release;
		};
/* End XCBuildConfiguration section */

/* Begin XCConfigurationList section */
		7A79DAC9288F36FA00747D6A /* Build configuration list for PBXProject "LiveFootball" */ = {
			isa = XCConfigurationList;
			buildConfigurations = (
				7A79DAE0288F36FC00747D6A /* Debug */,
				7A79DAE1288F36FC00747D6A /* Release */,
			);
			defaultConfigurationIsVisible = 0;
			defaultConfigurationName = Release;
		};
		7A79DAE2288F36FC00747D6A /* Build configuration list for PBXNativeTarget "LiveFootball" */ = {
			isa = XCConfigurationList;
			buildConfigurations = (
				7A79DAE3288F36FC00747D6A /* Debug */,
				7A79DAE4288F36FC00747D6A /* Release */,
			);
			defaultConfigurationIsVisible = 0;
			defaultConfigurationName = Release;
		};
/* End XCConfigurationList section */

/* Begin XCVersionGroup section */
		7A372B6E2890FA8000044207 /* FootballEntity.xcdatamodeld */ = {
			isa = XCVersionGroup;
			children = (
				7A372B6F2890FA8000044207 /* FootballEntity.xcdatamodel */,
			);
			currentVersion = 7A372B6F2890FA8000044207 /* FootballEntity.xcdatamodel */;
			path = FootballEntity.xcdatamodeld;
			sourceTree = "<group>";
			versionGroupType = wrapper.xcdatamodel;
		};
/* End XCVersionGroup section */
	};
	rootObject = 7A79DAC6288F36FA00747D6A /* Project object */;
}
